
Microsoft Visual Studio Solution File, Format Version 12.00
# Visual Studio Version 17
VisualStudioVersion = 17.11.35312.102
MinimumVisualStudioVersion = 10.0.40219.1
Project("{FAE04EC0-301F-11D3-BF4B-00C04F79EFBC}") = "Test", "Test\Test.csproj", "{95455121-F738-4188-8CEE-035079C0123C}"
EndProject
Global
	GlobalSection(SolutionConfigurationPlatforms) = preSolution
		Debug|Any CPU = Debug|Any CPU
		Release|Any CPU = Release|Any CPU
	EndGlobalSection
	GlobalSection(ProjectConfigurationPlatforms) = postSolution
		{95455121-F738-4188-8CEE-035079C0123C}.Debug|Any CPU.ActiveCfg = Debug|Any CPU
		{95455121-F738-4188-8CEE-035079C0123C}.Debug|Any CPU.Build.0 = Debug|Any CPU
		{95455121-F738-4188-8CEE-035079C0123C}.Release|Any CPU.ActiveCfg = Release|Any CPU
		{95455121-F738-4188-8CEE-035079C0123C}.Release|Any CPU.Build.0 = Release|Any CPU
	EndGlobalSection
	GlobalSection(SolutionProperties) = preSolution
		HideSolutionNode = FALSE
	EndGlobalSection
	GlobalSection(ExtensibilityGlobals) = postSolution
		SolutionGuid = {ED518F5B-6380-48FE-B6B5-878A9F462B3C}
	EndGlobalSection
EndGlobal
